// !$*UTF8*$!
{
	archiveVersion = 1;
	classes = {
	};
	objectVersion = 56;
	objects = {

/* Begin PBXBuildFile section */
		8C4C39E72C6CFB4F001C6D14 /* CardsGameApp.swift in Sources */ = {isa = PBXBuildFile; fileRef = 8C4C39E62C6CFB4F001C6D14 /* CardsGameApp.swift */; };
		8C4C39E92C6CFB4F001C6D14 /* MainView.swift in Sources */ = {isa = PBXBuildFile; fileRef = 8C4C39E82C6CFB4F001C6D14 /* MainView.swift */; };
		8C4C39EB2C6CFB51001C6D14 /* Assets.xcassets in Resources */ = {isa = PBXBuildFile; fileRef = 8C4C39EA2C6CFB51001C6D14 /* Assets.xcassets */; };
		8C4C39EE2C6CFB51001C6D14 /* Preview Assets.xcassets in Resources */ = {isa = PBXBuildFile; fileRef = 8C4C39ED2C6CFB51001C6D14 /* Preview Assets.xcassets */; };
		8C4C3A002C6CFE29001C6D14 /* MultiroundPro.otf in Resources */ = {isa = PBXBuildFile; fileRef = 8C4C39FD2C6CFE29001C6D14 /* MultiroundPro.otf */; };
		8C4C3A012C6CFE29001C6D14 /* InterVariable.ttf in Resources */ = {isa = PBXBuildFile; fileRef = 8C4C39FE2C6CFE29001C6D14 /* InterVariable.ttf */; };
		8C4C3A022C6CFE29001C6D14 /* Muller-Trial-Regular.ttf in Resources */ = {isa = PBXBuildFile; fileRef = 8C4C39FF2C6CFE29001C6D14 /* Muller-Trial-Regular.ttf */; };
		8C4C3A062C6D01C3001C6D14 /* CustomFonts.swift in Sources */ = {isa = PBXBuildFile; fileRef = 8C4C3A052C6D01C3001C6D14 /* CustomFonts.swift */; };
		8C4C3A092C6D01F3001C6D14 /* Constants.swift in Sources */ = {isa = PBXBuildFile; fileRef = 8C4C3A082C6D01F3001C6D14 /* Constants.swift */; };
		8C4C3A0E2C6D047D001C6D14 /* BGMainView.swift in Sources */ = {isa = PBXBuildFile; fileRef = 8C4C3A0D2C6D047D001C6D14 /* BGMainView.swift */; };
		8C4C3A102C6D0493001C6D14 /* BGLoadingView.swift in Sources */ = {isa = PBXBuildFile; fileRef = 8C4C3A0F2C6D0493001C6D14 /* BGLoadingView.swift */; };
		8C4C3A122C6D04A1001C6D14 /* BGGameView.swift in Sources */ = {isa = PBXBuildFile; fileRef = 8C4C3A112C6D04A1001C6D14 /* BGGameView.swift */; };
		8C4C3A142C6D04BB001C6D14 /* BGNotificationView.swift in Sources */ = {isa = PBXBuildFile; fileRef = 8C4C3A132C6D04BB001C6D14 /* BGNotificationView.swift */; };
		8C4C3A162C6D04DF001C6D14 /* BGWinView.swift in Sources */ = {isa = PBXBuildFile; fileRef = 8C4C3A152C6D04DF001C6D14 /* BGWinView.swift */; };
		8C4C3A182C6D0532001C6D14 /* BackgroundView.swift in Sources */ = {isa = PBXBuildFile; fileRef = 8C4C3A172C6D0532001C6D14 /* BackgroundView.swift */; };
		8C4C3A1B2C6D0AB8001C6D14 /* MenuButtonView.swift in Sources */ = {isa = PBXBuildFile; fileRef = 8C4C3A1A2C6D0AB8001C6D14 /* MenuButtonView.swift */; };
		8C4C3A1E2C6D0B79001C6D14 /* TextModifier.swift in Sources */ = {isa = PBXBuildFile; fileRef = 8C4C3A1D2C6D0B79001C6D14 /* TextModifier.swift */; };
		8C4C3A202C6D0CA7001C6D14 /* IconButtonView.swift in Sources */ = {isa = PBXBuildFile; fileRef = 8C4C3A1F2C6D0CA7001C6D14 /* IconButtonView.swift */; };
		8C4C3A242C6D1090001C6D14 /* Launch Screen.storyboard in Resources */ = {isa = PBXBuildFile; fileRef = 8C4C3A232C6D1090001C6D14 /* Launch Screen.storyboard */; };
		8C4F7E702C6D1F2800417D9B /* MenuView.swift in Sources */ = {isa = PBXBuildFile; fileRef = 8C4F7E6F2C6D1F2800417D9B /* MenuView.swift */; };
/* End PBXBuildFile section */

/* Begin PBXFileReference section */
		8C4C39E32C6CFB4F001C6D14 /* CardsGame.app */ = {isa = PBXFileReference; explicitFileType = wrapper.application; includeInIndex = 0; path = CardsGame.app; sourceTree = BUILT_PRODUCTS_DIR; };
		8C4C39E62C6CFB4F001C6D14 /* CardsGameApp.swift */ = {isa = PBXFileReference; lastKnownFileType = sourcecode.swift; path = CardsGameApp.swift; sourceTree = "<group>"; };
		8C4C39E82C6CFB4F001C6D14 /* MainView.swift */ = {isa = PBXFileReference; lastKnownFileType = sourcecode.swift; path = MainView.swift; sourceTree = "<group>"; };
		8C4C39EA2C6CFB51001C6D14 /* Assets.xcassets */ = {isa = PBXFileReference; lastKnownFileType = folder.assetcatalog; path = Assets.xcassets; sourceTree = "<group>"; };
		8C4C39ED2C6CFB51001C6D14 /* Preview Assets.xcassets */ = {isa = PBXFileReference; lastKnownFileType = folder.assetcatalog; path = "Preview Assets.xcassets"; sourceTree = "<group>"; };
		8C4C39FD2C6CFE29001C6D14 /* MultiroundPro.otf */ = {isa = PBXFileReference; lastKnownFileType = file; path = MultiroundPro.otf; sourceTree = "<group>"; };
		8C4C39FE2C6CFE29001C6D14 /* InterVariable.ttf */ = {isa = PBXFileReference; lastKnownFileType = file; path = InterVariable.ttf; sourceTree = "<group>"; };
		8C4C39FF2C6CFE29001C6D14 /* Muller-Trial-Regular.ttf */ = {isa = PBXFileReference; lastKnownFileType = file; path = "Muller-Trial-Regular.ttf"; sourceTree = "<group>"; };
		8C4C3A032C6CFFBA001C6D14 /* Info.plist */ = {isa = PBXFileReference; lastKnownFileType = text.plist; path = Info.plist; sourceTree = "<group>"; };
		8C4C3A052C6D01C3001C6D14 /* CustomFonts.swift */ = {isa = PBXFileReference; lastKnownFileType = sourcecode.swift; path = CustomFonts.swift; sourceTree = "<group>"; };
		8C4C3A082C6D01F3001C6D14 /* Constants.swift */ = {isa = PBXFileReference; lastKnownFileType = sourcecode.swift; path = Constants.swift; sourceTree = "<group>"; };
		8C4C3A0D2C6D047D001C6D14 /* BGMainView.swift */ = {isa = PBXFileReference; lastKnownFileType = sourcecode.swift; path = BGMainView.swift; sourceTree = "<group>"; };
		8C4C3A0F2C6D0493001C6D14 /* BGLoadingView.swift */ = {isa = PBXFileReference; lastKnownFileType = sourcecode.swift; path = BGLoadingView.swift; sourceTree = "<group>"; };
		8C4C3A112C6D04A1001C6D14 /* BGGameView.swift */ = {isa = PBXFileReference; lastKnownFileType = sourcecode.swift; path = BGGameView.swift; sourceTree = "<group>"; };
		8C4C3A132C6D04BB001C6D14 /* BGNotificationView.swift */ = {isa = PBXFileReference; lastKnownFileType = sourcecode.swift; path = BGNotificationView.swift; sourceTree = "<group>"; };
		8C4C3A152C6D04DF001C6D14 /* BGWinView.swift */ = {isa = PBXFileReference; lastKnownFileType = sourcecode.swift; path = BGWinView.swift; sourceTree = "<group>"; };
		8C4C3A172C6D0532001C6D14 /* BackgroundView.swift */ = {isa = PBXFileReference; lastKnownFileType = sourcecode.swift; path = BackgroundView.swift; sourceTree = "<group>"; };
		8C4C3A1A2C6D0AB8001C6D14 /* MenuButtonView.swift */ = {isa = PBXFileReference; lastKnownFileType = sourcecode.swift; path = MenuButtonView.swift; sourceTree = "<group>"; };
		8C4C3A1D2C6D0B79001C6D14 /* TextModifier.swift */ = {isa = PBXFileReference; lastKnownFileType = sourcecode.swift; path = TextModifier.swift; sourceTree = "<group>"; };
		8C4C3A1F2C6D0CA7001C6D14 /* IconButtonView.swift */ = {isa = PBXFileReference; lastKnownFileType = sourcecode.swift; path = IconButtonView.swift; sourceTree = "<group>"; };
		8C4C3A232C6D1090001C6D14 /* Launch Screen.storyboard */ = {isa = PBXFileReference; lastKnownFileType = file.storyboard; path = "Launch Screen.storyboard"; sourceTree = "<group>"; };
		8C4F7E6F2C6D1F2800417D9B /* MenuView.swift */ = {isa = PBXFileReference; lastKnownFileType = sourcecode.swift; path = MenuView.swift; sourceTree = "<group>"; };
/* End PBXFileReference section */

/* Begin PBXFrameworksBuildPhase section */
		8C4C39E02C6CFB4F001C6D14 /* Frameworks */ = {
			isa = PBXFrameworksBuildPhase;
			buildActionMask = 2147483647;
			files = (
			);
			runOnlyForDeploymentPostprocessing = 0;
		};
/* End PBXFrameworksBuildPhase section */

/* Begin PBXGroup section */
		8C4C39DA2C6CFB4F001C6D14 = {
			isa = PBXGroup;
			children = (
				8C4C39E52C6CFB4F001C6D14 /* CardsGame */,
				8C4C39E42C6CFB4F001C6D14 /* Products */,
			);
			sourceTree = "<group>";
		};
		8C4C39E42C6CFB4F001C6D14 /* Products */ = {
			isa = PBXGroup;
			children = (
				8C4C39E32C6CFB4F001C6D14 /* CardsGame.app */,
			);
			name = Products;
			sourceTree = "<group>";
		};
		8C4C39E52C6CFB4F001C6D14 /* CardsGame */ = {
			isa = PBXGroup;
			children = (
				8C4C39F42C6CFBD9001C6D14 /* App */,
				8C4C39F52C6CFBDD001C6D14 /* Code */,
				8C4C3A032C6CFFBA001C6D14 /* Info.plist */,
				8C4C39F72C6CFBF9001C6D14 /* Resources */,
				8C4C39F62C6CFBE3001C6D14 /* Utilities */,
			);
			path = CardsGame;
			sourceTree = "<group>";
		};
		8C4C39EC2C6CFB51001C6D14 /* Preview Content */ = {
			isa = PBXGroup;
			children = (
				8C4C39ED2C6CFB51001C6D14 /* Preview Assets.xcassets */,
			);
			path = "Preview Content";
			sourceTree = "<group>";
		};
		8C4C39F42C6CFBD9001C6D14 /* App */ = {
			isa = PBXGroup;
			children = (
				8C4C39E62C6CFB4F001C6D14 /* CardsGameApp.swift */,
			);
			path = App;
			sourceTree = "<group>";
		};
		8C4C39F52C6CFBDD001C6D14 /* Code */ = {
			isa = PBXGroup;
			children = (
				8C4C39FA2C6CFCBF001C6D14 /* Model */,
				8C4C39F82C6CFCB0001C6D14 /* View */,
				8C4C39F92C6CFCB5001C6D14 /* ViewModel */,
			);
			path = Code;
			sourceTree = "<group>";
		};
		8C4C39F62C6CFBE3001C6D14 /* Utilities */ = {
			isa = PBXGroup;
			children = (
				8C4C3A1C2C6D0B5E001C6D14 /* Modifiers  */,
				8C4C3A0B2C6D0395001C6D14 /* Components */,
				8C4C3A072C6D01E7001C6D14 /* Constants */,
				8C4C3A042C6D01AC001C6D14 /* Enums */,
			);
			path = Utilities;
			sourceTree = "<group>";
		};
		8C4C39F72C6CFBF9001C6D14 /* Resources */ = {
			isa = PBXGroup;
			children = (
				8C4C39EA2C6CFB51001C6D14 /* Assets.xcassets */,
				8C4C39FB2C6CFCD8001C6D14 /* Fonts */,
				8C4C39EC2C6CFB51001C6D14 /* Preview Content */,
				8C4C39FC2C6CFCF5001C6D14 /* Sounds */,
			);
			path = Resources;
			sourceTree = "<group>";
		};
		8C4C39F82C6CFCB0001C6D14 /* View */ = {
			isa = PBXGroup;
			children = (
				8C4F7E6E2C6D1F1200417D9B /* MenuView */,
				8C4C3A222C6D106E001C6D14 /* LaunchView */,
				8C4C3A0A2C6D0385001C6D14 /* MainView */,
			);
			path = View;
			sourceTree = "<group>";
		};
		8C4C39F92C6CFCB5001C6D14 /* ViewModel */ = {
			isa = PBXGroup;
			children = (
			);
			path = ViewModel;
			sourceTree = "<group>";
		};
		8C4C39FA2C6CFCBF001C6D14 /* Model */ = {
			isa = PBXGroup;
			children = (
			);
			path = Model;
			sourceTree = "<group>";
		};
		8C4C39FB2C6CFCD8001C6D14 /* Fonts */ = {
			isa = PBXGroup;
			children = (
				8C4C39FE2C6CFE29001C6D14 /* InterVariable.ttf */,
				8C4C39FF2C6CFE29001C6D14 /* Muller-Trial-Regular.ttf */,
				8C4C39FD2C6CFE29001C6D14 /* MultiroundPro.otf */,
			);
			path = Fonts;
			sourceTree = "<group>";
		};
		8C4C39FC2C6CFCF5001C6D14 /* Sounds */ = {
			isa = PBXGroup;
			children = (
			);
			path = Sounds;
			sourceTree = "<group>";
		};
		8C4C3A042C6D01AC001C6D14 /* Enums */ = {
			isa = PBXGroup;
			children = (
				8C4C3A052C6D01C3001C6D14 /* CustomFonts.swift */,
			);
			path = Enums;
			sourceTree = "<group>";
		};
		8C4C3A072C6D01E7001C6D14 /* Constants */ = {
			isa = PBXGroup;
			children = (
				8C4C3A082C6D01F3001C6D14 /* Constants.swift */,
			);
			path = Constants;
			sourceTree = "<group>";
		};
		8C4C3A0A2C6D0385001C6D14 /* MainView */ = {
			isa = PBXGroup;
			children = (
				8C4C39E82C6CFB4F001C6D14 /* MainView.swift */,
			);
			path = MainView;
			sourceTree = "<group>";
		};
		8C4C3A0B2C6D0395001C6D14 /* Components */ = {
			isa = PBXGroup;
			children = (
				8C4C3A192C6D0A65001C6D14 /* Buttons */,
				8C4C3A0C2C6D03FB001C6D14 /* Backgrounds */,
			);
			path = Components;
			sourceTree = "<group>";
		};
		8C4C3A0C2C6D03FB001C6D14 /* Backgrounds */ = {
			isa = PBXGroup;
			children = (
				8C4C3A172C6D0532001C6D14 /* BackgroundView.swift */,
				8C4C3A112C6D04A1001C6D14 /* BGGameView.swift */,
				8C4C3A0F2C6D0493001C6D14 /* BGLoadingView.swift */,
				8C4C3A0D2C6D047D001C6D14 /* BGMainView.swift */,
				8C4C3A132C6D04BB001C6D14 /* BGNotificationView.swift */,
				8C4C3A152C6D04DF001C6D14 /* BGWinView.swift */,
			);
			path = Backgrounds;
			sourceTree = "<group>";
		};
		8C4C3A192C6D0A65001C6D14 /* Buttons */ = {
			isa = PBXGroup;
			children = (
				8C4C3A1A2C6D0AB8001C6D14 /* MenuButtonView.swift */,
				8C4C3A1F2C6D0CA7001C6D14 /* IconButtonView.swift */,
			);
			path = Buttons;
			sourceTree = "<group>";
		};
		8C4C3A1C2C6D0B5E001C6D14 /* Modifiers  */ = {
			isa = PBXGroup;
			children = (
				8C4C3A1D2C6D0B79001C6D14 /* TextModifier.swift */,
			);
			path = "Modifiers ";
			sourceTree = "<group>";
		};
		8C4C3A222C6D106E001C6D14 /* LaunchView */ = {
			isa = PBXGroup;
			children = (
				8C4C3A232C6D1090001C6D14 /* Launch Screen.storyboard */,
			);
			path = LaunchView;
			sourceTree = "<group>";
		};
		8C4F7E6E2C6D1F1200417D9B /* MenuView */ = {
			isa = PBXGroup;
			children = (
				8C4F7E6F2C6D1F2800417D9B /* MenuView.swift */,
			);
			path = MenuView;
			sourceTree = "<group>";
		};
/* End PBXGroup section */

/* Begin PBXNativeTarget section */
		8C4C39E22C6CFB4F001C6D14 /* CardsGame */ = {
			isa = PBXNativeTarget;
			buildConfigurationList = 8C4C39F12C6CFB51001C6D14 /* Build configuration list for PBXNativeTarget "CardsGame" */;
			buildPhases = (
				8C4C39DF2C6CFB4F001C6D14 /* Sources */,
				8C4C39E02C6CFB4F001C6D14 /* Frameworks */,
				8C4C39E12C6CFB4F001C6D14 /* Resources */,
			);
			buildRules = (
			);
			dependencies = (
			);
			name = CardsGame;
			productName = CardsGame;
			productReference = 8C4C39E32C6CFB4F001C6D14 /* CardsGame.app */;
			productType = "com.apple.product-type.application";
		};
/* End PBXNativeTarget section */

/* Begin PBXProject section */
		8C4C39DB2C6CFB4F001C6D14 /* Project object */ = {
			isa = PBXProject;
			attributes = {
				BuildIndependentTargetsInParallel = 1;
				LastSwiftUpdateCheck = 1540;
				LastUpgradeCheck = 1540;
				TargetAttributes = {
					8C4C39E22C6CFB4F001C6D14 = {
						CreatedOnToolsVersion = 15.4;
					};
				};
			};
			buildConfigurationList = 8C4C39DE2C6CFB4F001C6D14 /* Build configuration list for PBXProject "CardsGame" */;
			compatibilityVersion = "Xcode 14.0";
			developmentRegion = en;
			hasScannedForEncodings = 0;
			knownRegions = (
				en,
				Base,
			);
			mainGroup = 8C4C39DA2C6CFB4F001C6D14;
			productRefGroup = 8C4C39E42C6CFB4F001C6D14 /* Products */;
			projectDirPath = "";
			projectRoot = "";
			targets = (
				8C4C39E22C6CFB4F001C6D14 /* CardsGame */,
			);
		};
/* End PBXProject section */

/* Begin PBXResourcesBuildPhase section */
		8C4C39E12C6CFB4F001C6D14 /* Resources */ = {
			isa = PBXResourcesBuildPhase;
			buildActionMask = 2147483647;
			files = (
				8C4C3A242C6D1090001C6D14 /* Launch Screen.storyboard in Resources */,
				8C4C39EE2C6CFB51001C6D14 /* Preview Assets.xcassets in Resources */,
				8C4C3A012C6CFE29001C6D14 /* InterVariable.ttf in Resources */,
				8C4C3A002C6CFE29001C6D14 /* MultiroundPro.otf in Resources */,
				8C4C39EB2C6CFB51001C6D14 /* Assets.xcassets in Resources */,
				8C4C3A022C6CFE29001C6D14 /* Muller-Trial-Regular.ttf in Resources */,
			);
			runOnlyForDeploymentPostprocessing = 0;
		};
/* End PBXResourcesBuildPhase section */

/* Begin PBXSourcesBuildPhase section */
		8C4C39DF2C6CFB4F001C6D14 /* Sources */ = {
			isa = PBXSourcesBuildPhase;
			buildActionMask = 2147483647;
			files = (
				8C4C3A1B2C6D0AB8001C6D14 /* MenuButtonView.swift in Sources */,
				8C4C3A182C6D0532001C6D14 /* BackgroundView.swift in Sources */,
				8C4C3A062C6D01C3001C6D14 /* CustomFonts.swift in Sources */,
				8C4C3A122C6D04A1001C6D14 /* BGGameView.swift in Sources */,
				8C4C3A0E2C6D047D001C6D14 /* BGMainView.swift in Sources */,
				8C4C3A1E2C6D0B79001C6D14 /* TextModifier.swift in Sources */,
				8C4C3A162C6D04DF001C6D14 /* BGWinView.swift in Sources */,
				8C4F7E702C6D1F2800417D9B /* MenuView.swift in Sources */,
				8C4C39E92C6CFB4F001C6D14 /* MainView.swift in Sources */,
				8C4C3A202C6D0CA7001C6D14 /* IconButtonView.swift in Sources */,
				8C4C39E72C6CFB4F001C6D14 /* CardsGameApp.swift in Sources */,
				8C4C3A102C6D0493001C6D14 /* BGLoadingView.swift in Sources */,
				8C4C3A142C6D04BB001C6D14 /* BGNotificationView.swift in Sources */,
				8C4C3A092C6D01F3001C6D14 /* Constants.swift in Sources */,
			);
			runOnlyForDeploymentPostprocessing = 0;
		};
/* End PBXSourcesBuildPhase section */

/* Begin XCBuildConfiguration section */
		8C4C39EF2C6CFB51001C6D14 /* Debug */ = {
			isa = XCBuildConfiguration;
			buildSettings = {
				ALWAYS_SEARCH_USER_PATHS = NO;
				ASSETCATALOG_COMPILER_GENERATE_SWIFT_ASSET_SYMBOL_EXTENSIONS = YES;
				CLANG_ANALYZER_NONNULL = YES;
				CLANG_ANALYZER_NUMBER_OBJECT_CONVERSION = YES_AGGRESSIVE;
				CLANG_CXX_LANGUAGE_STANDARD = "gnu++20";
				CLANG_ENABLE_MODULES = YES;
				CLANG_ENABLE_OBJC_ARC = YES;
				CLANG_ENABLE_OBJC_WEAK = YES;
				CLANG_WARN_BLOCK_CAPTURE_AUTORELEASING = YES;
				CLANG_WARN_BOOL_CONVERSION = YES;
				CLANG_WARN_COMMA = YES;
				CLANG_WARN_CONSTANT_CONVERSION = YES;
				CLANG_WARN_DEPRECATED_OBJC_IMPLEMENTATIONS = YES;
				CLANG_WARN_DIRECT_OBJC_ISA_USAGE = YES_ERROR;
				CLANG_WARN_DOCUMENTATION_COMMENTS = YES;
				CLANG_WARN_EMPTY_BODY = YES;
				CLANG_WARN_ENUM_CONVERSION = YES;
				CLANG_WARN_INFINITE_RECURSION = YES;
				CLANG_WARN_INT_CONVERSION = YES;
				CLANG_WARN_NON_LITERAL_NULL_CONVERSION = YES;
				CLANG_WARN_OBJC_IMPLICIT_RETAIN_SELF = YES;
				CLANG_WARN_OBJC_LITERAL_CONVERSION = YES;
				CLANG_WARN_OBJC_ROOT_CLASS = YES_ERROR;
				CLANG_WARN_QUOTED_INCLUDE_IN_FRAMEWORK_HEADER = YES;
				CLANG_WARN_RANGE_LOOP_ANALYSIS = YES;
				CLANG_WARN_STRICT_PROTOTYPES = YES;
				CLANG_WARN_SUSPICIOUS_MOVE = YES;
				CLANG_WARN_UNGUARDED_AVAILABILITY = YES_AGGRESSIVE;
				CLANG_WARN_UNREACHABLE_CODE = YES;
				CLANG_WARN__DUPLICATE_METHOD_MATCH = YES;
				COPY_PHASE_STRIP = NO;
				DEBUG_INFORMATION_FORMAT = dwarf;
				ENABLE_STRICT_OBJC_MSGSEND = YES;
				ENABLE_TESTABILITY = YES;
				ENABLE_USER_SCRIPT_SANDBOXING = YES;
				GCC_C_LANGUAGE_STANDARD = gnu17;
				GCC_DYNAMIC_NO_PIC = NO;
				GCC_NO_COMMON_BLOCKS = YES;
				GCC_OPTIMIZATION_LEVEL = 0;
				GCC_PREPROCESSOR_DEFINITIONS = (
					"DEBUG=1",
					"$(inherited)",
				);
				GCC_WARN_64_TO_32_BIT_CONVERSION = YES;
				GCC_WARN_ABOUT_RETURN_TYPE = YES_ERROR;
				GCC_WARN_UNDECLARED_SELECTOR = YES;
				GCC_WARN_UNINITIALIZED_AUTOS = YES_AGGRESSIVE;
				GCC_WARN_UNUSED_FUNCTION = YES;
				GCC_WARN_UNUSED_VARIABLE = YES;
				IPHONEOS_DEPLOYMENT_TARGET = 17.5;
				LOCALIZATION_PREFERS_STRING_CATALOGS = YES;
				MTL_ENABLE_DEBUG_INFO = INCLUDE_SOURCE;
				MTL_FAST_MATH = YES;
				ONLY_ACTIVE_ARCH = YES;
				SDKROOT = iphoneos;
				SWIFT_ACTIVE_COMPILATION_CONDITIONS = "DEBUG $(inherited)";
				SWIFT_OPTIMIZATION_LEVEL = "-Onone";
			};
			name = Debug;
		};
		8C4C39F02C6CFB51001C6D14 /* Release */ = {
			isa = XCBuildConfiguration;
			buildSettings = {
				ALWAYS_SEARCH_USER_PATHS = NO;
				ASSETCATALOG_COMPILER_GENERATE_SWIFT_ASSET_SYMBOL_EXTENSIONS = YES;
				CLANG_ANALYZER_NONNULL = YES;
				CLANG_ANALYZER_NUMBER_OBJECT_CONVERSION = YES_AGGRESSIVE;
				CLANG_CXX_LANGUAGE_STANDARD = "gnu++20";
				CLANG_ENABLE_MODULES = YES;
				CLANG_ENABLE_OBJC_ARC = YES;
				CLANG_ENABLE_OBJC_WEAK = YES;
				CLANG_WARN_BLOCK_CAPTURE_AUTORELEASING = YES;
				CLANG_WARN_BOOL_CONVERSION = YES;
				CLANG_WARN_COMMA = YES;
				CLANG_WARN_CONSTANT_CONVERSION = YES;
				CLANG_WARN_DEPRECATED_OBJC_IMPLEMENTATIONS = YES;
				CLANG_WARN_DIRECT_OBJC_ISA_USAGE = YES_ERROR;
				CLANG_WARN_DOCUMENTATION_COMMENTS = YES;
				CLANG_WARN_EMPTY_BODY = YES;
				CLANG_WARN_ENUM_CONVERSION = YES;
				CLANG_WARN_INFINITE_RECURSION = YES;
				CLANG_WARN_INT_CONVERSION = YES;
				CLANG_WARN_NON_LITERAL_NULL_CONVERSION = YES;
				CLANG_WARN_OBJC_IMPLICIT_RETAIN_SELF = YES;
				CLANG_WARN_OBJC_LITERAL_CONVERSION = YES;
				CLANG_WARN_OBJC_ROOT_CLASS = YES_ERROR;
				CLANG_WARN_QUOTED_INCLUDE_IN_FRAMEWORK_HEADER = YES;
				CLANG_WARN_RANGE_LOOP_ANALYSIS = YES;
				CLANG_WARN_STRICT_PROTOTYPES = YES;
				CLANG_WARN_SUSPICIOUS_MOVE = YES;
				CLANG_WARN_UNGUARDED_AVAILABILITY = YES_AGGRESSIVE;
				CLANG_WARN_UNREACHABLE_CODE = YES;
				CLANG_WARN__DUPLICATE_METHOD_MATCH = YES;
				COPY_PHASE_STRIP = NO;
				DEBUG_INFORMATION_FORMAT = "dwarf-with-dsym";
				ENABLE_NS_ASSERTIONS = NO;
				ENABLE_STRICT_OBJC_MSGSEND = YES;
				ENABLE_USER_SCRIPT_SANDBOXING = YES;
				GCC_C_LANGUAGE_STANDARD = gnu17;
				GCC_NO_COMMON_BLOCKS = YES;
				GCC_WARN_64_TO_32_BIT_CONVERSION = YES;
				GCC_WARN_ABOUT_RETURN_TYPE = YES_ERROR;
				GCC_WARN_UNDECLARED_SELECTOR = YES;
				GCC_WARN_UNINITIALIZED_AUTOS = YES_AGGRESSIVE;
				GCC_WARN_UNUSED_FUNCTION = YES;
				GCC_WARN_UNUSED_VARIABLE = YES;
				IPHONEOS_DEPLOYMENT_TARGET = 17.5;
				LOCALIZATION_PREFERS_STRING_CATALOGS = YES;
				MTL_ENABLE_DEBUG_INFO = NO;
				MTL_FAST_MATH = YES;
				SDKROOT = iphoneos;
				SWIFT_COMPILATION_MODE = wholemodule;
				VALIDATE_PRODUCT = YES;
			};
			name = Release;
		};
		8C4C39F22C6CFB51001C6D14 /* Debug */ = {
			isa = XCBuildConfiguration;
			buildSettings = {
				ASSETCATALOG_COMPILER_APPICON_NAME = AppIcon;
				ASSETCATALOG_COMPILER_GLOBAL_ACCENT_COLOR_NAME = AccentColor;
				ASSETCATALOG_COMPILER_INCLUDE_ALL_APPICON_ASSETS = YES;
				CODE_SIGN_STYLE = Automatic;
				CURRENT_PROJECT_VERSION = 1;
				DEVELOPMENT_ASSET_PATHS = "\"CardsGame/Resources/Preview Content\"";
				DEVELOPMENT_TEAM = DD3P835Y9D;
				ENABLE_PREVIEWS = YES;
				GENERATE_INFOPLIST_FILE = YES;
				INFOPLIST_FILE = CardsGame/Info.plist;
				INFOPLIST_KEY_CFBundleDisplayName = Cards;
				INFOPLIST_KEY_LSApplicationCategoryType = "public.app-category.games";
				INFOPLIST_KEY_UIApplicationSceneManifest_Generation = YES;
				INFOPLIST_KEY_UIApplicationSupportsIndirectInputEvents = YES;
				INFOPLIST_KEY_UILaunchScreen_Generation = YES;
				INFOPLIST_KEY_UILaunchStoryboardName = "Launch Screen.storyboard";
				INFOPLIST_KEY_UIRequiresFullScreen = YES;
				INFOPLIST_KEY_UIStatusBarHidden = YES;
				INFOPLIST_KEY_UIStatusBarStyle = "";
				INFOPLIST_KEY_UISupportedInterfaceOrientations = UIInterfaceOrientationPortrait;
				IPHONEOS_DEPLOYMENT_TARGET = 16.0;
				LD_RUNPATH_SEARCH_PATHS = (
					"$(inherited)",
					"@executable_path/Frameworks",
				);
				MARKETING_VERSION = 1.0;
				PRODUCT_BUNDLE_IDENTIFIER = com.aldnur.CardsGame;
				PRODUCT_NAME = "$(TARGET_NAME)";
				SUPPORTED_PLATFORMS = "iphoneos iphonesimulator";
				SUPPORTS_MACCATALYST = NO;
				SUPPORTS_MAC_DESIGNED_FOR_IPHONE_IPAD = NO;
				SUPPORTS_XR_DESIGNED_FOR_IPHONE_IPAD = NO;
				SWIFT_EMIT_LOC_STRINGS = YES;
				SWIFT_VERSION = 5.0;
				TARGETED_DEVICE_FAMILY = "1,2";
			};
			name = Debug;
		};
		8C4C39F32C6CFB51001C6D14 /* Release */ = {
			isa = XCBuildConfiguration;
			buildSettings = {
				ASSETCATALOG_COMPILER_APPICON_NAME = AppIcon;
				ASSETCATALOG_COMPILER_GLOBAL_ACCENT_COLOR_NAME = AccentColor;
				ASSETCATALOG_COMPILER_INCLUDE_ALL_APPICON_ASSETS = YES;
				CODE_SIGN_STYLE = Automatic;
				CURRENT_PROJECT_VERSION = 1;
				DEVELOPMENT_ASSET_PATHS = "\"CardsGame/Resources/Preview Content\"";
				DEVELOPMENT_TEAM = DD3P835Y9D;
				ENABLE_PREVIEWS = YES;
				GENERATE_INFOPLIST_FILE = YES;
				INFOPLIST_FILE = CardsGame/Info.plist;
				INFOPLIST_KEY_CFBundleDisplayName = Cards;
				INFOPLIST_KEY_LSApplicationCategoryType = "public.app-category.games";
				INFOPLIST_KEY_UIApplicationSceneManifest_Generation = YES;
				INFOPLIST_KEY_UIApplicationSupportsIndirectInputEvents = YES;
				INFOPLIST_KEY_UILaunchScreen_Generation = YES;
				INFOPLIST_KEY_UILaunchStoryboardName = "Launch Screen.storyboard";
				INFOPLIST_KEY_UIRequiresFullScreen = YES;
				INFOPLIST_KEY_UIStatusBarHidden = YES;
				INFOPLIST_KEY_UIStatusBarStyle = "";
				INFOPLIST_KEY_UISupportedInterfaceOrientations = UIInterfaceOrientationPortrait;
				IPHONEOS_DEPLOYMENT_TARGET = 16.0;
				LD_RUNPATH_SEARCH_PATHS = (
					"$(inherited)",
					"@executable_path/Frameworks",
				);
				MARKETING_VERSION = 1.0;
				PRODUCT_BUNDLE_IDENTIFIER = com.aldnur.CardsGame;
				PRODUCT_NAME = "$(TARGET_NAME)";
				SUPPORTED_PLATFORMS = "iphoneos iphonesimulator";
				SUPPORTS_MACCATALYST = NO;
				SUPPORTS_MAC_DESIGNED_FOR_IPHONE_IPAD = NO;
				SUPPORTS_XR_DESIGNED_FOR_IPHONE_IPAD = NO;
				SWIFT_EMIT_LOC_STRINGS = YES;
				SWIFT_VERSION = 5.0;
				TARGETED_DEVICE_FAMILY = "1,2";
			};
			name = Release;
		};
/* End XCBuildConfiguration section */

/* Begin XCConfigurationList section */
		8C4C39DE2C6CFB4F001C6D14 /* Build configuration list for PBXProject "CardsGame" */ = {
			isa = XCConfigurationList;
			buildConfigurations = (
				8C4C39EF2C6CFB51001C6D14 /* Debug */,
				8C4C39F02C6CFB51001C6D14 /* Release */,
			);
			defaultConfigurationIsVisible = 0;
			defaultConfigurationName = Release;
		};
		8C4C39F12C6CFB51001C6D14 /* Build configuration list for PBXNativeTarget "CardsGame" */ = {
			isa = XCConfigurationList;
			buildConfigurations = (
				8C4C39F22C6CFB51001C6D14 /* Debug */,
				8C4C39F32C6CFB51001C6D14 /* Release */,
			);
			defaultConfigurationIsVisible = 0;
			defaultConfigurationName = Release;
		};
/* End XCConfigurationList section */
	};
	rootObject = 8C4C39DB2C6CFB4F001C6D14 /* Project object */;
}
